
Microsoft Visual Studio Solution File, Format Version 12.00
# Visual Studio 15
VisualStudioVersion = 15.0.27428.2005
MinimumVisualStudioVersion = 10.0.40219.1
Project("{FAE04EC0-301F-11D3-BF4B-00C04F79EFBC}") = "Парсинг WPF", "Парсинг WPF\Парсинг WPF.csproj", "{95C04F54-21DF-4684-9213-D8033319BB59}"
EndProject
Global
	GlobalSection(SolutionConfigurationPlatforms) = preSolution
		Debug|Any CPU = Debug|Any CPU
		Release|Any CPU = Release|Any CPU
	EndGlobalSection
	GlobalSection(ProjectConfigurationPlatforms) = postSolution
		{95C04F54-21DF-4684-9213-D8033319BB59}.Debug|Any CPU.ActiveCfg = Debug|Any CPU
		{95C04F54-21DF-4684-9213-D8033319BB59}.Debug|Any CPU.Build.0 = Debug|Any CPU
		{95C04F54-21DF-4684-9213-D8033319BB59}.Release|Any CPU.ActiveCfg = Release|Any CPU
		{95C04F54-21DF-4684-9213-D8033319BB59}.Release|Any CPU.Build.0 = Release|Any CPU
	EndGlobalSection
	GlobalSection(SolutionProperties) = preSolution
		HideSolutionNode = FALSE
	EndGlobalSection
	GlobalSection(ExtensibilityGlobals) = postSolution
		SolutionGuid = {8C1C4FFF-D960-45B5-B084-1DFD7A28E223}
	EndGlobalSection
EndGlobal
